
Microsoft Visual Studio Solution File, Format Version 12.00
# Visual Studio Version 17
VisualStudioVersion = 17.3.32819.101
MinimumVisualStudioVersion = 10.0.40219.1
Project("{FAE04EC0-301F-11D3-BF4B-00C04F79EFBC}") = "Abre Isto", "Abre Isto\Abre Isto.csproj", "{65172A94-AD60-4128-A477-ABAB67B99A36}"
EndProject
Global
	GlobalSection(SolutionConfigurationPlatforms) = preSolution
		Debug|Any CPU = Debug|Any CPU
		Release|Any CPU = Release|Any CPU
	EndGlobalSection
	GlobalSection(ProjectConfigurationPlatforms) = postSolution
		{65172A94-AD60-4128-A477-ABAB67B99A36}.Debug|Any CPU.ActiveCfg = Release|Any CPU
		{65172A94-AD60-4128-A477-ABAB67B99A36}.Debug|Any CPU.Build.0 = Release|Any CPU
		{65172A94-AD60-4128-A477-ABAB67B99A36}.Release|Any CPU.ActiveCfg = Release|Any CPU
		{65172A94-AD60-4128-A477-ABAB67B99A36}.Release|Any CPU.Build.0 = Release|Any CPU
	EndGlobalSection
	GlobalSection(SolutionProperties) = preSolution
		HideSolutionNode = FALSE
	EndGlobalSection
	GlobalSection(ExtensibilityGlobals) = postSolution
		SolutionGuid = {BEB01B81-E507-47F5-8AD4-BB77E6386F54}
	EndGlobalSection
EndGlobal
